# @generated by Move, please check-in and do not edit manually.

[move]
version = 3
manifest_digest = "8AA644FA5545E403BBAD003703DE5752FF9D35F80E3E41B51FA03D71135682E6"
deps_digest = "F8BBB0CCB2491CA29A3DF03D6F92277A4F3574266507ACD77214D37ECA3F3082"
dependencies = [
  { id = "Iota", name = "Iota" },
]

[[move.package]]
id = "Iota"
source = { git = "https://github.com/iotaledger/iota.git", rev = "testnet", subdir = "crates/iota-framework/packages/iota-framework" }

dependencies = [
  { id = "MoveStdlib", name = "MoveStdlib" },
]

[[move.package]]
id = "MoveStdlib"
source = { git = "https://github.com/iotaledger/iota.git", rev = "testnet", subdir = "crates/iota-framework/packages/move-stdlib" }

[move.toolchain-version]
compiler-version = "1.15.0-rc"
edition = "2024.beta"
flavor = "iota"

[env]

[env.testnet]
chain-id = "2304aa97"
original-published-id = "0x5cd957880e134819782de8e0f440f86b8ec16df6cc06d5b1f31123118bf64af9"
latest-published-id = "0x5cd957880e134819782de8e0f440f86b8ec16df6cc06d5b1f31123118bf64af9"
published-version = "1"
