# Generated by move; do not edit
# This file should be checked in.

[move]
version = 3
manifest_digest = "F73AD76D0399315D307DEB1DF39FA4158A9A67C895006F99B2F0A385662C5287"
deps_digest = "F8BBB0CCB2491CA29A3DF03D6F92277A4F3574266507ACD77214D37ECA3F3082"
dependencies = [
  { id = "Iota", name = "Iota" },
]

[[move.package]]
id = "Iota"
source = { git = "https://github.com/iotaledger/iota.git", rev = "mainnet", subdir = "crates/iota-framework/packages/iota-framework" }

dependencies = [
  { id = "MoveStdlib", name = "MoveStdlib" },
]

[[move.package]]
id = "MoveStdlib"
source = { git = "https://github.com/iotaledger/iota.git", rev = "mainnet", subdir = "crates/iota-framework/packages/move-stdlib" }

[move.toolchain-version]
compiler-version = "1.19.1"
edition = "2024.beta"
flavor = "iota"

[pinned.testnet.MoveStdlib]
source = { git = "https://github.com/MystenLabs/sui.git", subdir = "crates/sui-framework/packages/move-stdlib", rev = "b38bca86f0323b3fe8b6b7f4ca0cd7ae7faebe4b" }
use_environment = "testnet"
manifest_digest = "C4FE4C91DE74CBF223B2E380AE40F592177D21870DC2D7EB6227D2D694E05363"
deps = {}

[pinned.testnet.Sui]
source = { git = "https://github.com/MystenLabs/sui.git", subdir = "crates/sui-framework/packages/sui-framework", rev = "b38bca86f0323b3fe8b6b7f4ca0cd7ae7faebe4b" }
use_environment = "testnet"
manifest_digest = "7AFB66695545775FBFBB2D3078ADFD084244D5002392E837FDE21D9EA1C6D01C"
deps = { MoveStdlib = "MoveStdlib" }

[pinned.testnet.portus]
source = { root = true }
use_environment = "testnet"
manifest_digest = "5745706258F61D6CE210904B3E6AE87A73CE9D31A6F93BE4718C442529332A87"
deps = { std = "MoveStdlib", sui = "Sui" }

[env]

[env.testnet]
chain-id = "2304aa97"
original-published-id = "0x5a824aaa924822d4bc48bb291cc4c25b0438ac17dff89d355c07ef889f054e9d"
latest-published-id = "0x5a824aaa924822d4bc48bb291cc4c25b0438ac17dff89d355c07ef889f054e9d"
published-version = "1"

[env.mainnet]
chain-id = "6364aad5"
original-published-id = "0xdeadee97bb146c273e9cc55ec26c1d2936133119acc1b2fc0b542e279007e108"
latest-published-id = "0xdeadee97bb146c273e9cc55ec26c1d2936133119acc1b2fc0b542e279007e108"
published-version = "1"
